
Microsoft Visual Studio Solution File, Format Version 12.00
# Visual Studio Version 17
VisualStudioVersion = 17.8.34408.163
MinimumVisualStudioVersion = 10.0.40219.1
Project("{FAE04EC0-301F-11D3-BF4B-00C04F79EFBC}") = "FasterDictionary.Client", "src\FasterDictionary.Client\FasterDictionary.Client.csproj", "{73A54871-62F1-486A-BF1D-1390D02F8BCD}"
EndProject
Global
	GlobalSection(SolutionConfigurationPlatforms) = preSolution
		Debug|Any CPU = Debug|Any CPU
		Release|Any CPU = Release|Any CPU
	EndGlobalSection
	GlobalSection(ProjectConfigurationPlatforms) = postSolution
		{73A54871-62F1-486A-BF1D-1390D02F8BCD}.Debug|Any CPU.ActiveCfg = Debug|Any CPU
		{73A54871-62F1-486A-BF1D-1390D02F8BCD}.Debug|Any CPU.Build.0 = Debug|Any CPU
		{73A54871-62F1-486A-BF1D-1390D02F8BCD}.Release|Any CPU.ActiveCfg = Release|Any CPU
		{73A54871-62F1-486A-BF1D-1390D02F8BCD}.Release|Any CPU.Build.0 = Release|Any CPU
	EndGlobalSection
	GlobalSection(SolutionProperties) = preSolution
		HideSolutionNode = FALSE
	EndGlobalSection
	GlobalSection(ExtensibilityGlobals) = postSolution
		SolutionGuid = {23F1C33F-D937-4A29-BD26-1147E861ABAD}
	EndGlobalSection
EndGlobal
